{
    "name": "rxjs-reactive-state",
    "version": "1.2.4",
    "lockfileVersion": 2,
    "requires": true,
    "packages": {
        "": {
            "name": "rxjs-reactive-state",
            "version": "1.2.4",
            "license": "MIT",
            "dependencies": {
                "@types/lodash": "^4.14.156",
                "rxjs": "^6.5.5"
            },
            "devDependencies": {
                "typescript": "^3.9.5"
            }
        },
        "node_modules/@types/lodash": {
            "version": "4.14.156",
            "resolved": "https://registry.npmjs.org/@types/lodash/-/lodash-4.14.156.tgz",
            "integrity": "sha512-l2AgHXcKUwx2DsvP19wtRPqZ4NkONjmorOdq4sMcxIjqdIuuV/ULo2ftuv4NUpevwfW7Ju/UKLqo0ZXuEt/8lQ=="
        },
        "node_modules/rxjs": {
            "version": "6.5.5",
            "resolved": "https://registry.npmjs.org/rxjs/-/rxjs-6.5.5.tgz",
            "integrity": "sha512-WfQI+1gohdf0Dai/Bbmk5L5ItH5tYqm3ki2c5GdWhKjalzjg93N3avFjVStyZZz+A2Em+ZxKH5bNghw9UeylGQ==",
            "dependencies": {
                "tslib": "^1.9.0"
            },
            "engines": {
                "npm": ">=2.0.0"
            }
        },
        "node_modules/tslib": {
            "version": "1.13.0",
            "resolved": "https://registry.npmjs.org/tslib/-/tslib-1.13.0.tgz",
            "integrity": "sha512-i/6DQjL8Xf3be4K/E6Wgpekn5Qasl1usyw++dAA35Ue5orEn65VIxOA+YvNNl9HV3qv70T7CNwjODHZrLwvd1Q=="
        },
        "node_modules/typescript": {
            "version": "3.9.5",
            "resolved": "https://registry.npmjs.org/typescript/-/typescript-3.9.5.tgz",
            "integrity": "sha512-hSAifV3k+i6lEoCJ2k6R2Z/rp/H3+8sdmcn5NrS3/3kE7+RyZXm9aqvxWqjEXHAd8b0pShatpcdMTvEdvAJltQ==",
            "dev": true,
            "bin": {
                "tsc": "bin/tsc",
                "tsserver": "bin/tsserver"
            },
            "engines": {
                "node": ">=4.2.0"
            }
        }
    },
    "dependencies": {
        "@types/lodash": {
            "version": "4.14.156",
            "resolved": "https://registry.npmjs.org/@types/lodash/-/lodash-4.14.156.tgz",
            "integrity": "sha512-l2AgHXcKUwx2DsvP19wtRPqZ4NkONjmorOdq4sMcxIjqdIuuV/ULo2ftuv4NUpevwfW7Ju/UKLqo0ZXuEt/8lQ=="
        },
        "rxjs": {
            "version": "6.5.5",
            "resolved": "https://registry.npmjs.org/rxjs/-/rxjs-6.5.5.tgz",
            "integrity": "sha512-WfQI+1gohdf0Dai/Bbmk5L5ItH5tYqm3ki2c5GdWhKjalzjg93N3avFjVStyZZz+A2Em+ZxKH5bNghw9UeylGQ==",
            "requires": {
                "tslib": "^1.9.0"
            }
        },
        "tslib": {
            "version": "1.13.0",
            "resolved": "https://registry.npmjs.org/tslib/-/tslib-1.13.0.tgz",
            "integrity": "sha512-i/6DQjL8Xf3be4K/E6Wgpekn5Qasl1usyw++dAA35Ue5orEn65VIxOA+YvNNl9HV3qv70T7CNwjODHZrLwvd1Q=="
        },
        "typescript": {
            "version": "3.9.5",
            "resolved": "https://registry.npmjs.org/typescript/-/typescript-3.9.5.tgz",
            "integrity": "sha512-hSAifV3k+i6lEoCJ2k6R2Z/rp/H3+8sdmcn5NrS3/3kE7+RyZXm9aqvxWqjEXHAd8b0pShatpcdMTvEdvAJltQ==",
            "dev": true
        }
    }
}
